
Microsoft Visual Studio Solution File, Format Version 12.00
# Visual Studio Version 17
VisualStudioVersion = 17.3.32929.385
MinimumVisualStudioVersion = 10.0.40219.1
Project("{9A19103F-16F7-4668-BE54-9A1E7A4F7556}") = "CSHARP_DOTNET_BOOK", "CSHARP_DOTNET_BOOK\CSHARP_DOTNET_BOOK.csproj", "{F851970E-1043-4E73-BDD2-F82AD4DC894A}"
EndProject
Project("{9A19103F-16F7-4668-BE54-9A1E7A4F7556}") = "Chapter2", "Chapter2\Chapter2.csproj", "{49017059-EF0F-4F50-B520-68E8737F9DAD}"
EndProject
Project("{9A19103F-16F7-4668-BE54-9A1E7A4F7556}") = "Chapter3", "Chapter3\Chapter3.csproj", "{7A09C834-ADF2-4A9D-A0E2-BA66778593C6}"
EndProject
Project("{9A19103F-16F7-4668-BE54-9A1E7A4F7556}") = "Chapter4", "Chapter4\Chapter4.csproj", "{86C58110-B78C-4EC2-A088-0E9D62F80517}"
EndProject
Project("{9A19103F-16F7-4668-BE54-9A1E7A4F7556}") = "Chapter5", "Chapter5\Chapter5.csproj", "{8AFF178E-0590-4B2E-B967-82B09DB17CDD}"
EndProject
Project("{9A19103F-16F7-4668-BE54-9A1E7A4F7556}") = "PacktLibrary", "Person\PacktLibrary.csproj", "{FE8A962C-66DF-418B-B758-57792654444A}"
EndProject
Project("{9A19103F-16F7-4668-BE54-9A1E7A4F7556}") = "Chapter6", "Chapter6\Chapter6.csproj", "{F2594EBF-D44A-404B-A44A-9FC21BD890E2}"
EndProject
Project("{9A19103F-16F7-4668-BE54-9A1E7A4F7556}") = "Chapter7", "Chapter7\Chapter7.csproj", "{0F93CCA8-4306-49A2-9D4A-344658314AC8}"
EndProject
Project("{9A19103F-16F7-4668-BE54-9A1E7A4F7556}") = "Moment_2_071", "Moment_2_071\Moment_2_071.csproj", "{311BE354-EB05-4A62-9D50-B3EBF50771B6}"
EndProject
Project("{FAE04EC0-301F-11D3-BF4B-00C04F79EFBC}") = "Moment_3_071", "Moment_3_071\Moment_3_071.csproj", "{92EC6FEC-B2CB-4E00-AF6F-6FFFFEC3A605}"
EndProject
Global
	GlobalSection(SolutionConfigurationPlatforms) = preSolution
		Debug|Any CPU = Debug|Any CPU
		Release|Any CPU = Release|Any CPU
	EndGlobalSection
	GlobalSection(ProjectConfigurationPlatforms) = postSolution
		{F851970E-1043-4E73-BDD2-F82AD4DC894A}.Debug|Any CPU.ActiveCfg = Debug|Any CPU
		{F851970E-1043-4E73-BDD2-F82AD4DC894A}.Debug|Any CPU.Build.0 = Debug|Any CPU
		{F851970E-1043-4E73-BDD2-F82AD4DC894A}.Release|Any CPU.ActiveCfg = Release|Any CPU
		{F851970E-1043-4E73-BDD2-F82AD4DC894A}.Release|Any CPU.Build.0 = Release|Any CPU
		{49017059-EF0F-4F50-B520-68E8737F9DAD}.Debug|Any CPU.ActiveCfg = Debug|Any CPU
		{49017059-EF0F-4F50-B520-68E8737F9DAD}.Debug|Any CPU.Build.0 = Debug|Any CPU
		{49017059-EF0F-4F50-B520-68E8737F9DAD}.Release|Any CPU.ActiveCfg = Release|Any CPU
		{49017059-EF0F-4F50-B520-68E8737F9DAD}.Release|Any CPU.Build.0 = Release|Any CPU
		{7A09C834-ADF2-4A9D-A0E2-BA66778593C6}.Debug|Any CPU.ActiveCfg = Debug|Any CPU
		{7A09C834-ADF2-4A9D-A0E2-BA66778593C6}.Debug|Any CPU.Build.0 = Debug|Any CPU
		{7A09C834-ADF2-4A9D-A0E2-BA66778593C6}.Release|Any CPU.ActiveCfg = Release|Any CPU
		{7A09C834-ADF2-4A9D-A0E2-BA66778593C6}.Release|Any CPU.Build.0 = Release|Any CPU
		{86C58110-B78C-4EC2-A088-0E9D62F80517}.Debug|Any CPU.ActiveCfg = Debug|Any CPU
		{86C58110-B78C-4EC2-A088-0E9D62F80517}.Debug|Any CPU.Build.0 = Debug|Any CPU
		{86C58110-B78C-4EC2-A088-0E9D62F80517}.Release|Any CPU.ActiveCfg = Release|Any CPU
		{86C58110-B78C-4EC2-A088-0E9D62F80517}.Release|Any CPU.Build.0 = Release|Any CPU
		{8AFF178E-0590-4B2E-B967-82B09DB17CDD}.Debug|Any CPU.ActiveCfg = Debug|Any CPU
		{8AFF178E-0590-4B2E-B967-82B09DB17CDD}.Debug|Any CPU.Build.0 = Debug|Any CPU
		{8AFF178E-0590-4B2E-B967-82B09DB17CDD}.Release|Any CPU.ActiveCfg = Release|Any CPU
		{8AFF178E-0590-4B2E-B967-82B09DB17CDD}.Release|Any CPU.Build.0 = Release|Any CPU
		{FE8A962C-66DF-418B-B758-57792654444A}.Debug|Any CPU.ActiveCfg = Debug|Any CPU
		{FE8A962C-66DF-418B-B758-57792654444A}.Debug|Any CPU.Build.0 = Debug|Any CPU
		{FE8A962C-66DF-418B-B758-57792654444A}.Release|Any CPU.ActiveCfg = Release|Any CPU
		{FE8A962C-66DF-418B-B758-57792654444A}.Release|Any CPU.Build.0 = Release|Any CPU
		{F2594EBF-D44A-404B-A44A-9FC21BD890E2}.Debug|Any CPU.ActiveCfg = Debug|Any CPU
		{F2594EBF-D44A-404B-A44A-9FC21BD890E2}.Debug|Any CPU.Build.0 = Debug|Any CPU
		{F2594EBF-D44A-404B-A44A-9FC21BD890E2}.Release|Any CPU.ActiveCfg = Release|Any CPU
		{F2594EBF-D44A-404B-A44A-9FC21BD890E2}.Release|Any CPU.Build.0 = Release|Any CPU
		{0F93CCA8-4306-49A2-9D4A-344658314AC8}.Debug|Any CPU.ActiveCfg = Debug|Any CPU
		{0F93CCA8-4306-49A2-9D4A-344658314AC8}.Debug|Any CPU.Build.0 = Debug|Any CPU
		{0F93CCA8-4306-49A2-9D4A-344658314AC8}.Release|Any CPU.ActiveCfg = Release|Any CPU
		{0F93CCA8-4306-49A2-9D4A-344658314AC8}.Release|Any CPU.Build.0 = Release|Any CPU
		{311BE354-EB05-4A62-9D50-B3EBF50771B6}.Debug|Any CPU.ActiveCfg = Debug|Any CPU
		{311BE354-EB05-4A62-9D50-B3EBF50771B6}.Debug|Any CPU.Build.0 = Debug|Any CPU
		{311BE354-EB05-4A62-9D50-B3EBF50771B6}.Release|Any CPU.ActiveCfg = Release|Any CPU
		{311BE354-EB05-4A62-9D50-B3EBF50771B6}.Release|Any CPU.Build.0 = Release|Any CPU
		{92EC6FEC-B2CB-4E00-AF6F-6FFFFEC3A605}.Debug|Any CPU.ActiveCfg = Debug|Any CPU
		{92EC6FEC-B2CB-4E00-AF6F-6FFFFEC3A605}.Debug|Any CPU.Build.0 = Debug|Any CPU
		{92EC6FEC-B2CB-4E00-AF6F-6FFFFEC3A605}.Release|Any CPU.ActiveCfg = Release|Any CPU
		{92EC6FEC-B2CB-4E00-AF6F-6FFFFEC3A605}.Release|Any CPU.Build.0 = Release|Any CPU
	EndGlobalSection
	GlobalSection(SolutionProperties) = preSolution
		HideSolutionNode = FALSE
	EndGlobalSection
	GlobalSection(ExtensibilityGlobals) = postSolution
		SolutionGuid = {73A6B049-FE6E-4DF3-BE45-49DD05B1EE0F}
	EndGlobalSection
EndGlobal
